
Microsoft Visual Studio Solution File, Format Version 12.00
# Visual Studio Version 17
VisualStudioVersion = 17.3.32922.545
MinimumVisualStudioVersion = 10.0.40219.1
Project("{FAE04EC0-301F-11D3-BF4B-00C04F79EFBC}") = "Vista", "Tienda-QuarkExam\Vista.csproj", "{000D6342-2269-4216-8531-04866777012C}"
EndProject
Project("{FAE04EC0-301F-11D3-BF4B-00C04F79EFBC}") = "Logica", "Logica\Logica.csproj", "{4BFF32FA-7957-4B66-8A66-EEA38F209175}"
EndProject
Global
	GlobalSection(SolutionConfigurationPlatforms) = preSolution
		Debug|Any CPU = Debug|Any CPU
		Release|Any CPU = Release|Any CPU
	EndGlobalSection
	GlobalSection(ProjectConfigurationPlatforms) = postSolution
		{000D6342-2269-4216-8531-04866777012C}.Debug|Any CPU.ActiveCfg = Debug|Any CPU
		{000D6342-2269-4216-8531-04866777012C}.Debug|Any CPU.Build.0 = Debug|Any CPU
		{000D6342-2269-4216-8531-04866777012C}.Release|Any CPU.ActiveCfg = Release|Any CPU
		{000D6342-2269-4216-8531-04866777012C}.Release|Any CPU.Build.0 = Release|Any CPU
		{4BFF32FA-7957-4B66-8A66-EEA38F209175}.Debug|Any CPU.ActiveCfg = Debug|Any CPU
		{4BFF32FA-7957-4B66-8A66-EEA38F209175}.Debug|Any CPU.Build.0 = Debug|Any CPU
		{4BFF32FA-7957-4B66-8A66-EEA38F209175}.Release|Any CPU.ActiveCfg = Release|Any CPU
		{4BFF32FA-7957-4B66-8A66-EEA38F209175}.Release|Any CPU.Build.0 = Release|Any CPU
	EndGlobalSection
	GlobalSection(SolutionProperties) = preSolution
		HideSolutionNode = FALSE
	EndGlobalSection
	GlobalSection(ExtensibilityGlobals) = postSolution
		SolutionGuid = {EE80D147-05E1-48AA-8238-4C705D8DB343}
	EndGlobalSection
EndGlobal
